
Microsoft Visual Studio Solution File, Format Version 12.00
# Visual Studio 2012
Project("{FAE04EC0-301F-11D3-BF4B-00C04F79EFBC}") = "Phoneword", "Phoneword\Phoneword.csproj", "{46112263-7E77-4DE6-BD95-09E40F1A6CF8}"
EndProject
Project("{FAE04EC0-301F-11D3-BF4B-00C04F79EFBC}") = "Phoneword.iOS", "iOS\Phoneword.iOS.csproj", "{A635D859-271D-4D56-AD1A-C90292E51B5E}"
EndProject
Project("{FAE04EC0-301F-11D3-BF4B-00C04F79EFBC}") = "Phoneword.Droid", "Droid\Phoneword.Droid.csproj", "{0D6B0924-1B51-4075-9BC3-2F16529170D2}"
EndProject
Global
	GlobalSection(SolutionConfigurationPlatforms) = preSolution
		Debug|Any CPU = Debug|Any CPU
		Release|Any CPU = Release|Any CPU
		Debug|iPhoneSimulator = Debug|iPhoneSimulator
		Release|iPhone = Release|iPhone
		Release|iPhoneSimulator = Release|iPhoneSimulator
		Debug|iPhone = Debug|iPhone
	EndGlobalSection
	GlobalSection(ProjectConfigurationPlatforms) = postSolution
		{0D6B0924-1B51-4075-9BC3-2F16529170D2}.Debug|Any CPU.ActiveCfg = Debug|Any CPU
		{0D6B0924-1B51-4075-9BC3-2F16529170D2}.Debug|Any CPU.Build.0 = Debug|Any CPU
		{0D6B0924-1B51-4075-9BC3-2F16529170D2}.Debug|iPhone.ActiveCfg = Debug|Any CPU
		{0D6B0924-1B51-4075-9BC3-2F16529170D2}.Debug|iPhone.Build.0 = Debug|Any CPU
		{0D6B0924-1B51-4075-9BC3-2F16529170D2}.Debug|iPhoneSimulator.ActiveCfg = Debug|Any CPU
		{0D6B0924-1B51-4075-9BC3-2F16529170D2}.Debug|iPhoneSimulator.Build.0 = Debug|Any CPU
		{0D6B0924-1B51-4075-9BC3-2F16529170D2}.Release|Any CPU.ActiveCfg = Release|Any CPU
		{0D6B0924-1B51-4075-9BC3-2F16529170D2}.Release|Any CPU.Build.0 = Release|Any CPU
		{0D6B0924-1B51-4075-9BC3-2F16529170D2}.Release|iPhone.ActiveCfg = Release|Any CPU
		{0D6B0924-1B51-4075-9BC3-2F16529170D2}.Release|iPhone.Build.0 = Release|Any CPU
		{0D6B0924-1B51-4075-9BC3-2F16529170D2}.Release|iPhoneSimulator.ActiveCfg = Release|Any CPU
		{0D6B0924-1B51-4075-9BC3-2F16529170D2}.Release|iPhoneSimulator.Build.0 = Release|Any CPU
		{46112263-7E77-4DE6-BD95-09E40F1A6CF8}.Debug|Any CPU.ActiveCfg = Debug|Any CPU
		{46112263-7E77-4DE6-BD95-09E40F1A6CF8}.Debug|Any CPU.Build.0 = Debug|Any CPU
		{46112263-7E77-4DE6-BD95-09E40F1A6CF8}.Debug|iPhone.ActiveCfg = Debug|Any CPU
		{46112263-7E77-4DE6-BD95-09E40F1A6CF8}.Debug|iPhone.Build.0 = Debug|Any CPU
		{46112263-7E77-4DE6-BD95-09E40F1A6CF8}.Debug|iPhoneSimulator.ActiveCfg = Debug|Any CPU
		{46112263-7E77-4DE6-BD95-09E40F1A6CF8}.Debug|iPhoneSimulator.Build.0 = Debug|Any CPU
		{46112263-7E77-4DE6-BD95-09E40F1A6CF8}.Release|Any CPU.ActiveCfg = Release|Any CPU
		{46112263-7E77-4DE6-BD95-09E40F1A6CF8}.Release|Any CPU.Build.0 = Release|Any CPU
		{46112263-7E77-4DE6-BD95-09E40F1A6CF8}.Release|iPhone.ActiveCfg = Release|Any CPU
		{46112263-7E77-4DE6-BD95-09E40F1A6CF8}.Release|iPhone.Build.0 = Release|Any CPU
		{46112263-7E77-4DE6-BD95-09E40F1A6CF8}.Release|iPhoneSimulator.ActiveCfg = Release|Any CPU
		{46112263-7E77-4DE6-BD95-09E40F1A6CF8}.Release|iPhoneSimulator.Build.0 = Release|Any CPU
		{A635D859-271D-4D56-AD1A-C90292E51B5E}.Debug|Any CPU.ActiveCfg = Debug|iPhoneSimulator
		{A635D859-271D-4D56-AD1A-C90292E51B5E}.Debug|Any CPU.Build.0 = Debug|iPhoneSimulator
		{A635D859-271D-4D56-AD1A-C90292E51B5E}.Debug|iPhone.ActiveCfg = Debug|iPhone
		{A635D859-271D-4D56-AD1A-C90292E51B5E}.Debug|iPhone.Build.0 = Debug|iPhone
		{A635D859-271D-4D56-AD1A-C90292E51B5E}.Debug|iPhoneSimulator.ActiveCfg = Debug|iPhoneSimulator
		{A635D859-271D-4D56-AD1A-C90292E51B5E}.Debug|iPhoneSimulator.Build.0 = Debug|iPhoneSimulator
		{A635D859-271D-4D56-AD1A-C90292E51B5E}.Release|Any CPU.ActiveCfg = Release|iPhone
		{A635D859-271D-4D56-AD1A-C90292E51B5E}.Release|Any CPU.Build.0 = Release|iPhone
		{A635D859-271D-4D56-AD1A-C90292E51B5E}.Release|iPhone.ActiveCfg = Release|iPhone
		{A635D859-271D-4D56-AD1A-C90292E51B5E}.Release|iPhone.Build.0 = Release|iPhone
		{A635D859-271D-4D56-AD1A-C90292E51B5E}.Release|iPhoneSimulator.ActiveCfg = Release|iPhoneSimulator
		{A635D859-271D-4D56-AD1A-C90292E51B5E}.Release|iPhoneSimulator.Build.0 = Release|iPhoneSimulator
	EndGlobalSection
EndGlobal
